// !$*UTF8*$!
{
	archiveVersion = 1;
	classes = {
	};
	objectVersion = 46;
	objects = {

/* Begin PBXBuildFile section */
		CC8E134B1CC60BEF0065D3A5 /* main.m in Sources */ = {isa = PBXBuildFile; fileRef = CC8E134A1CC60BEF0065D3A5 /* main.m */; };
		CC8E13531CC60BFF0065D3A5 /* Person.m in Sources */ = {isa = PBXBuildFile; fileRef = CC8E13521CC60BFF0065D3A5 /* Person.m */; };
		CC8E13561CC6171D0065D3A5 /* Student.m in Sources */ = {isa = PBXBuildFile; fileRef = CC8E13551CC6171D0065D3A5 /* Student.m */; };
		CC8E135A1CC6198E0065D3A5 /* NSObject+Noname.m in Sources */ = {isa = PBXBuildFile; fileRef = CC8E13591CC6198E0065D3A5 /* NSObject+Noname.m */; };
/* End PBXBuildFile section */

/* Begin PBXCopyFilesBuildPhase section */
		CC8E13451CC60BEF0065D3A5 /* CopyFiles */ = {
			isa = PBXCopyFilesBuildPhase;
			buildActionMask = 2147483647;
			dstPath = /usr/share/man/man1/;
			dstSubfolderSpec = 0;
			files = (
			);
			runOnlyForDeploymentPostprocessing = 1;
		};
/* End PBXCopyFilesBuildPhase section */

/* Begin PBXFileReference section */
		CC8E13471CC60BEF0065D3A5 /* Copy&Strong */ = {isa = PBXFileReference; explicitFileType = "compiled.mach-o.executable"; includeInIndex = 0; path = "Copy&Strong"; sourceTree = BUILT_PRODUCTS_DIR; };
		CC8E134A1CC60BEF0065D3A5 /* main.m */ = {isa = PBXFileReference; lastKnownFileType = sourcecode.c.objc; path = main.m; sourceTree = "<group>"; };
		CC8E13511CC60BFF0065D3A5 /* Person.h */ = {isa = PBXFileReference; fileEncoding = 4; lastKnownFileType = sourcecode.c.h; path = Person.h; sourceTree = "<group>"; };
		CC8E13521CC60BFF0065D3A5 /* Person.m */ = {isa = PBXFileReference; fileEncoding = 4; lastKnownFileType = sourcecode.c.objc; path = Person.m; sourceTree = "<group>"; };
		CC8E13541CC6171D0065D3A5 /* Student.h */ = {isa = PBXFileReference; fileEncoding = 4; lastKnownFileType = sourcecode.c.h; path = Student.h; sourceTree = "<group>"; };
		CC8E13551CC6171D0065D3A5 /* Student.m */ = {isa = PBXFileReference; fileEncoding = 4; lastKnownFileType = sourcecode.c.objc; path = Student.m; sourceTree = "<group>"; };
		CC8E13571CC6180D0065D3A5 /* XIXIXI.h */ = {isa = PBXFileReference; fileEncoding = 4; lastKnownFileType = sourcecode.c.h; path = XIXIXI.h; sourceTree = "<group>"; };
		CC8E13581CC6198E0065D3A5 /* NSObject+Noname.h */ = {isa = PBXFileReference; fileEncoding = 4; lastKnownFileType = sourcecode.c.h; path = "NSObject+Noname.h"; sourceTree = "<group>"; };
		CC8E13591CC6198E0065D3A5 /* NSObject+Noname.m */ = {isa = PBXFileReference; fileEncoding = 4; lastKnownFileType = sourcecode.c.objc; path = "NSObject+Noname.m"; sourceTree = "<group>"; };
		CC8E135B1CC619C90065D3A5 /* NSObject_MyName.h */ = {isa = PBXFileReference; fileEncoding = 4; lastKnownFileType = sourcecode.c.h; path = NSObject_MyName.h; sourceTree = "<group>"; };
/* End PBXFileReference section */

/* Begin PBXFrameworksBuildPhase section */
		CC8E13441CC60BEF0065D3A5 /* Frameworks */ = {
			isa = PBXFrameworksBuildPhase;
			buildActionMask = 2147483647;
			files = (
			);
			runOnlyForDeploymentPostprocessing = 0;
		};
/* End PBXFrameworksBuildPhase section */

/* Begin PBXGroup section */
		CC8E133E1CC60BEF0065D3A5 = {
			isa = PBXGroup;
			children = (
				CC8E13491CC60BEF0065D3A5 /* Copy&Strong */,
				CC8E13481CC60BEF0065D3A5 /* Products */,
			);
			sourceTree = "<group>";
		};
		CC8E13481CC60BEF0065D3A5 /* Products */ = {
			isa = PBXGroup;
			children = (
				CC8E13471CC60BEF0065D3A5 /* Copy&Strong */,
			);
			name = Products;
			sourceTree = "<group>";
		};
		CC8E13491CC60BEF0065D3A5 /* Copy&Strong */ = {
			isa = PBXGroup;
			children = (
				CC8E134A1CC60BEF0065D3A5 /* main.m */,
				CC8E13511CC60BFF0065D3A5 /* Person.h */,
				CC8E13521CC60BFF0065D3A5 /* Person.m */,
				CC8E13541CC6171D0065D3A5 /* Student.h */,
				CC8E13551CC6171D0065D3A5 /* Student.m */,
				CC8E13581CC6198E0065D3A5 /* NSObject+Noname.h */,
				CC8E13591CC6198E0065D3A5 /* NSObject+Noname.m */,
				CC8E135B1CC619C90065D3A5 /* NSObject_MyName.h */,
				CC8E13571CC6180D0065D3A5 /* XIXIXI.h */,
			);
			path = "Copy&Strong";
			sourceTree = "<group>";
		};
/* End PBXGroup section */

/* Begin PBXNativeTarget section */
		CC8E13461CC60BEF0065D3A5 /* Copy&Strong */ = {
			isa = PBXNativeTarget;
			buildConfigurationList = CC8E134E1CC60BEF0065D3A5 /* Build configuration list for PBXNativeTarget "Copy&Strong" */;
			buildPhases = (
				CC8E13431CC60BEF0065D3A5 /* Sources */,
				CC8E13441CC60BEF0065D3A5 /* Frameworks */,
				CC8E13451CC60BEF0065D3A5 /* CopyFiles */,
			);
			buildRules = (
			);
			dependencies = (
			);
			name = "Copy&Strong";
			productName = "Copy&Strong";
			productReference = CC8E13471CC60BEF0065D3A5 /* Copy&Strong */;
			productType = "com.apple.product-type.tool";
		};
/* End PBXNativeTarget section */

/* Begin PBXProject section */
		CC8E133F1CC60BEF0065D3A5 /* Project object */ = {
			isa = PBXProject;
			attributes = {
				LastUpgradeCheck = 0710;
				ORGANIZATIONNAME = QingYun;
				TargetAttributes = {
					CC8E13461CC60BEF0065D3A5 = {
						CreatedOnToolsVersion = 7.1.1;
					};
				};
			};
			buildConfigurationList = CC8E13421CC60BEF0065D3A5 /* Build configuration list for PBXProject "Copy&Strong" */;
			compatibilityVersion = "Xcode 3.2";
			developmentRegion = English;
			hasScannedForEncodings = 0;
			knownRegions = (
				en,
			);
			mainGroup = CC8E133E1CC60BEF0065D3A5;
			productRefGroup = CC8E13481CC60BEF0065D3A5 /* Products */;
			projectDirPath = "";
			projectRoot = "";
			targets = (
				CC8E13461CC60BEF0065D3A5 /* Copy&Strong */,
			);
		};
/* End PBXProject section */

/* Begin PBXSourcesBuildPhase section */
		CC8E13431CC60BEF0065D3A5 /* Sources */ = {
			isa = PBXSourcesBuildPhase;
			buildActionMask = 2147483647;
			files = (
				CC8E13531CC60BFF0065D3A5 /* Person.m in Sources */,
				CC8E135A1CC6198E0065D3A5 /* NSObject+Noname.m in Sources */,
				CC8E134B1CC60BEF0065D3A5 /* main.m in Sources */,
				CC8E13561CC6171D0065D3A5 /* Student.m in Sources */,
			);
			runOnlyForDeploymentPostprocessing = 0;
		};
/* End PBXSourcesBuildPhase section */

/* Begin XCBuildConfiguration section */
		CC8E134C1CC60BEF0065D3A5 /* Debug */ = {
			isa = XCBuildConfiguration;
			buildSettings = {
				ALWAYS_SEARCH_USER_PATHS = NO;
				CLANG_CXX_LANGUAGE_STANDARD = "gnu++0x";
				CLANG_CXX_LIBRARY = "libc++";
				CLANG_ENABLE_MODULES = YES;
				CLANG_ENABLE_OBJC_ARC = YES;
				CLANG_WARN_BOOL_CONVERSION = YES;
				CLANG_WARN_CONSTANT_CONVERSION = YES;
				CLANG_WARN_DIRECT_OBJC_ISA_USAGE = YES_ERROR;
				CLANG_WARN_EMPTY_BODY = YES;
				CLANG_WARN_ENUM_CONVERSION = YES;
				CLANG_WARN_INT_CONVERSION = YES;
				CLANG_WARN_OBJC_ROOT_CLASS = YES_ERROR;
				CLANG_WARN_UNREACHABLE_CODE = YES;
				CLANG_WARN__DUPLICATE_METHOD_MATCH = YES;
				CODE_SIGN_IDENTITY = "-";
				COPY_PHASE_STRIP = NO;
				DEBUG_INFORMATION_FORMAT = dwarf;
				ENABLE_STRICT_OBJC_MSGSEND = YES;
				ENABLE_TESTABILITY = YES;
				GCC_C_LANGUAGE_STANDARD = gnu99;
				GCC_DYNAMIC_NO_PIC = NO;
				GCC_NO_COMMON_BLOCKS = YES;
				GCC_OPTIMIZATION_LEVEL = 0;
				GCC_PREPROCESSOR_DEFINITIONS = (
					"DEBUG=1",
					"$(inherited)",
				);
				GCC_WARN_64_TO_32_BIT_CONVERSION = YES;
				GCC_WARN_ABOUT_RETURN_TYPE = YES_ERROR;
				GCC_WARN_UNDECLARED_SELECTOR = YES;
				GCC_WARN_UNINITIALIZED_AUTOS = YES_AGGRESSIVE;
				GCC_WARN_UNUSED_FUNCTION = YES;
				GCC_WARN_UNUSED_VARIABLE = YES;
				MACOSX_DEPLOYMENT_TARGET = 10.11;
				MTL_ENABLE_DEBUG_INFO = YES;
				ONLY_ACTIVE_ARCH = YES;
				SDKROOT = macosx;
			};
			name = Debug;
		};
		CC8E134D1CC60BEF0065D3A5 /* Release */ = {
			isa = XCBuildConfiguration;
			buildSettings = {
				ALWAYS_SEARCH_USER_PATHS = NO;
				CLANG_CXX_LANGUAGE_STANDARD = "gnu++0x";
				CLANG_CXX_LIBRARY = "libc++";
				CLANG_ENABLE_MODULES = YES;
				CLANG_ENABLE_OBJC_ARC = YES;
				CLANG_WARN_BOOL_CONVERSION = YES;
				CLANG_WARN_CONSTANT_CONVERSION = YES;
				CLANG_WARN_DIRECT_OBJC_ISA_USAGE = YES_ERROR;
				CLANG_WARN_EMPTY_BODY = YES;
				CLANG_WARN_ENUM_CONVERSION = YES;
				CLANG_WARN_INT_CONVERSION = YES;
				CLANG_WARN_OBJC_ROOT_CLASS = YES_ERROR;
				CLANG_WARN_UNREACHABLE_CODE = YES;
				CLANG_WARN__DUPLICATE_METHOD_MATCH = YES;
				CODE_SIGN_IDENTITY = "-";
				COPY_PHASE_STRIP = NO;
				DEBUG_INFORMATION_FORMAT = "dwarf-with-dsym";
				ENABLE_NS_ASSERTIONS = NO;
				ENABLE_STRICT_OBJC_MSGSEND = YES;
				GCC_C_LANGUAGE_STANDARD = gnu99;
				GCC_NO_COMMON_BLOCKS = YES;
				GCC_WARN_64_TO_32_BIT_CONVERSION = YES;
				GCC_WARN_ABOUT_RETURN_TYPE = YES_ERROR;
				GCC_WARN_UNDECLARED_SELECTOR = YES;
				GCC_WARN_UNINITIALIZED_AUTOS = YES_AGGRESSIVE;
				GCC_WARN_UNUSED_FUNCTION = YES;
				GCC_WARN_UNUSED_VARIABLE = YES;
				MACOSX_DEPLOYMENT_TARGET = 10.11;
				MTL_ENABLE_DEBUG_INFO = NO;
				SDKROOT = macosx;
			};
			name = Release;
		};
		CC8E134F1CC60BEF0065D3A5 /* Debug */ = {
			isa = XCBuildConfiguration;
			buildSettings = {
				PRODUCT_NAME = "$(TARGET_NAME)";
			};
			name = Debug;
		};
		CC8E13501CC60BEF0065D3A5 /* Release */ = {
			isa = XCBuildConfiguration;
			buildSettings = {
				PRODUCT_NAME = "$(TARGET_NAME)";
			};
			name = Release;
		};
/* End XCBuildConfiguration section */

/* Begin XCConfigurationList section */
		CC8E13421CC60BEF0065D3A5 /* Build configuration list for PBXProject "Copy&Strong" */ = {
			isa = XCConfigurationList;
			buildConfigurations = (
				CC8E134C1CC60BEF0065D3A5 /* Debug */,
				CC8E134D1CC60BEF0065D3A5 /* Release */,
			);
			defaultConfigurationIsVisible = 0;
			defaultConfigurationName = Release;
		};
		CC8E134E1CC60BEF0065D3A5 /* Build configuration list for PBXNativeTarget "Copy&Strong" */ = {
			isa = XCConfigurationList;
			buildConfigurations = (
				CC8E134F1CC60BEF0065D3A5 /* Debug */,
				CC8E13501CC60BEF0065D3A5 /* Release */,
			);
			defaultConfigurationIsVisible = 0;
			defaultConfigurationName = Release;
		};
/* End XCConfigurationList section */
	};
	rootObject = CC8E133F1CC60BEF0065D3A5 /* Project object */;
}
